// !$*UTF8*$!
{
	archiveVersion = 1;
	classes = {
	};
	objectVersion = 50;
	objects = {

/* Begin PBXBuildFile section */
		CFDF8E2E235C4F4200463192 /* AppDelegate.swift in Sources */ = {isa = PBXBuildFile; fileRef = CFDF8E2D235C4F4200463192 /* AppDelegate.swift */; };
		CFDF8E30235C4F4200463192 /* SceneDelegate.swift in Sources */ = {isa = PBXBuildFile; fileRef = CFDF8E2F235C4F4200463192 /* SceneDelegate.swift */; };
		CFDF8E32235C4F4200463192 /* ViewController.swift in Sources */ = {isa = PBXBuildFile; fileRef = CFDF8E31235C4F4200463192 /* ViewController.swift */; };
		CFDF8E35235C4F4200463192 /* Main.storyboard in Resources */ = {isa = PBXBuildFile; fileRef = CFDF8E33235C4F4200463192 /* Main.storyboard */; };
		CFDF8E37235C4F4300463192 /* Assets.xcassets in Resources */ = {isa = PBXBuildFile; fileRef = CFDF8E36235C4F4300463192 /* Assets.xcassets */; };
		CFDF8E3A235C4F4300463192 /* LaunchScreen.storyboard in Resources */ = {isa = PBXBuildFile; fileRef = CFDF8E38235C4F4300463192 /* LaunchScreen.storyboard */; };
		CFDF8E45235C4F4300463192 /* TestTests.swift in Sources */ = {isa = PBXBuildFile; fileRef = CFDF8E44235C4F4300463192 /* TestTests.swift */; };
		CFDF8E50235C4F4300463192 /* TestUITests.swift in Sources */ = {isa = PBXBuildFile; fileRef = CFDF8E4F235C4F4300463192 /* TestUITests.swift */; };
/* End PBXBuildFile section */

/* Begin PBXContainerItemProxy section */
		CFDF8E41235C4F4300463192 /* PBXContainerItemProxy */ = {
			isa = PBXContainerItemProxy;
			containerPortal = CFDF8E22235C4F4200463192 /* Project object */;
			proxyType = 1;
			remoteGlobalIDString = CFDF8E29235C4F4200463192;
			remoteInfo = Test;
		};
		CFDF8E4C235C4F4300463192 /* PBXContainerItemProxy */ = {
			isa = PBXContainerItemProxy;
			containerPortal = CFDF8E22235C4F4200463192 /* Project object */;
			proxyType = 1;
			remoteGlobalIDString = CFDF8E29235C4F4200463192;
			remoteInfo = Test;
		};
/* End PBXContainerItemProxy section */

/* Begin PBXFileReference section */
		CFDF8E2A235C4F4200463192 /* Test.app */ = {isa = PBXFileReference; explicitFileType = wrapper.application; includeInIndex = 0; path = Test.app; sourceTree = BUILT_PRODUCTS_DIR; };
		CFDF8E2D235C4F4200463192 /* AppDelegate.swift */ = {isa = PBXFileReference; lastKnownFileType = sourcecode.swift; path = AppDelegate.swift; sourceTree = "<group>"; };
		CFDF8E2F235C4F4200463192 /* SceneDelegate.swift */ = {isa = PBXFileReference; lastKnownFileType = sourcecode.swift; path = SceneDelegate.swift; sourceTree = "<group>"; };
		CFDF8E31235C4F4200463192 /* ViewController.swift */ = {isa = PBXFileReference; lastKnownFileType = sourcecode.swift; path = ViewController.swift; sourceTree = "<group>"; };
		CFDF8E34235C4F4200463192 /* Base */ = {isa = PBXFileReference; lastKnownFileType = file.storyboard; name = Base; path = Base.lproj/Main.storyboard; sourceTree = "<group>"; };
		CFDF8E36235C4F4300463192 /* Assets.xcassets */ = {isa = PBXFileReference; lastKnownFileType = folder.assetcatalog; path = Assets.xcassets; sourceTree = "<group>"; };
		CFDF8E39235C4F4300463192 /* Base */ = {isa = PBXFileReference; lastKnownFileType = file.storyboard; name = Base; path = Base.lproj/LaunchScreen.storyboard; sourceTree = "<group>"; };
		CFDF8E3B235C4F4300463192 /* Info.plist */ = {isa = PBXFileReference; lastKnownFileType = text.plist.xml; path = Info.plist; sourceTree = "<group>"; };
		CFDF8E40235C4F4300463192 /* TestTests.xctest */ = {isa = PBXFileReference; explicitFileType = wrapper.cfbundle; includeInIndex = 0; path = TestTests.xctest; sourceTree = BUILT_PRODUCTS_DIR; };
		CFDF8E44235C4F4300463192 /* TestTests.swift */ = {isa = PBXFileReference; lastKnownFileType = sourcecode.swift; path = TestTests.swift; sourceTree = "<group>"; };
		CFDF8E46235C4F4300463192 /* Info.plist */ = {isa = PBXFileReference; lastKnownFileType = text.plist.xml; path = Info.plist; sourceTree = "<group>"; };
		CFDF8E4B235C4F4300463192 /* TestUITests.xctest */ = {isa = PBXFileReference; explicitFileType = wrapper.cfbundle; includeInIndex = 0; path = TestUITests.xctest; sourceTree = BUILT_PRODUCTS_DIR; };
		CFDF8E4F235C4F4300463192 /* TestUITests.swift */ = {isa = PBXFileReference; lastKnownFileType = sourcecode.swift; path = TestUITests.swift; sourceTree = "<group>"; };
		CFDF8E51235C4F4300463192 /* Info.plist */ = {isa = PBXFileReference; lastKnownFileType = text.plist.xml; path = Info.plist; sourceTree = "<group>"; };
/* End PBXFileReference section */

/* Begin PBXFrameworksBuildPhase section */
		CFDF8E27235C4F4200463192 /* Frameworks */ = {
			isa = PBXFrameworksBuildPhase;
			buildActionMask = 2147483647;
			files = (
			);
			runOnlyForDeploymentPostprocessing = 0;
		};
		CFDF8E3D235C4F4300463192 /* Frameworks */ = {
			isa = PBXFrameworksBuildPhase;
			buildActionMask = 2147483647;
			files = (
			);
			runOnlyForDeploymentPostprocessing = 0;
		};
		CFDF8E48235C4F4300463192 /* Frameworks */ = {
			isa = PBXFrameworksBuildPhase;
			buildActionMask = 2147483647;
			files = (
			);
			runOnlyForDeploymentPostprocessing = 0;
		};
/* End PBXFrameworksBuildPhase section */

/* Begin PBXGroup section */
		CFDF8E21235C4F4200463192 = {
			isa = PBXGroup;
			children = (
				CFDF8E2C235C4F4200463192 /* Test */,
				CFDF8E43235C4F4300463192 /* TestTests */,
				CFDF8E4E235C4F4300463192 /* TestUITests */,
				CFDF8E2B235C4F4200463192 /* Products */,
			);
			sourceTree = "<group>";
		};
		CFDF8E2B235C4F4200463192 /* Products */ = {
			isa = PBXGroup;
			children = (
				CFDF8E2A235C4F4200463192 /* Test.app */,
				CFDF8E40235C4F4300463192 /* TestTests.xctest */,
				CFDF8E4B235C4F4300463192 /* TestUITests.xctest */,
			);
			name = Products;
			sourceTree = "<group>";
		};
		CFDF8E2C235C4F4200463192 /* Test */ = {
			isa = PBXGroup;
			children = (
				CFDF8E2D235C4F4200463192 /* AppDelegate.swift */,
				CFDF8E2F235C4F4200463192 /* SceneDelegate.swift */,
				CFDF8E31235C4F4200463192 /* ViewController.swift */,
				CFDF8E33235C4F4200463192 /* Main.storyboard */,
				CFDF8E36235C4F4300463192 /* Assets.xcassets */,
				CFDF8E38235C4F4300463192 /* LaunchScreen.storyboard */,
				CFDF8E3B235C4F4300463192 /* Info.plist */,
			);
			path = Test;
			sourceTree = "<group>";
		};
		CFDF8E43235C4F4300463192 /* TestTests */ = {
			isa = PBXGroup;
			children = (
				CFDF8E44235C4F4300463192 /* TestTests.swift */,
				CFDF8E46235C4F4300463192 /* Info.plist */,
			);
			path = TestTests;
			sourceTree = "<group>";
		};
		CFDF8E4E235C4F4300463192 /* TestUITests */ = {
			isa = PBXGroup;
			children = (
				CFDF8E4F235C4F4300463192 /* TestUITests.swift */,
				CFDF8E51235C4F4300463192 /* Info.plist */,
			);
			path = TestUITests;
			sourceTree = "<group>";
		};
/* End PBXGroup section */

/* Begin PBXNativeTarget section */
		CFDF8E29235C4F4200463192 /* Test */ = {
			isa = PBXNativeTarget;
			buildConfigurationList = CFDF8E54235C4F4300463192 /* Build configuration list for PBXNativeTarget "Test" */;
			buildPhases = (
				CFDF8E26235C4F4200463192 /* Sources */,
				CFDF8E27235C4F4200463192 /* Frameworks */,
				CFDF8E28235C4F4200463192 /* Resources */,
			);
			buildRules = (
			);
			dependencies = (
			);
			name = Test;
			productName = Test;
			productReference = CFDF8E2A235C4F4200463192 /* Test.app */;
			productType = "com.apple.product-type.application";
		};
		CFDF8E3F235C4F4300463192 /* TestTests */ = {
			isa = PBXNativeTarget;
			buildConfigurationList = CFDF8E57235C4F4300463192 /* Build configuration list for PBXNativeTarget "TestTests" */;
			buildPhases = (
				CFDF8E3C235C4F4300463192 /* Sources */,
				CFDF8E3D235C4F4300463192 /* Frameworks */,
				CFDF8E3E235C4F4300463192 /* Resources */,
			);
			buildRules = (
			);
			dependencies = (
				CFDF8E42235C4F4300463192 /* PBXTargetDependency */,
			);
			name = TestTests;
			productName = TestTests;
			productReference = CFDF8E40235C4F4300463192 /* TestTests.xctest */;
			productType = "com.apple.product-type.bundle.unit-test";
		};
		CFDF8E4A235C4F4300463192 /* TestUITests */ = {
			isa = PBXNativeTarget;
			buildConfigurationList = CFDF8E5A235C4F4300463192 /* Build configuration list for PBXNativeTarget "TestUITests" */;
			buildPhases = (
				CFDF8E47235C4F4300463192 /* Sources */,
				CFDF8E48235C4F4300463192 /* Frameworks */,
				CFDF8E49235C4F4300463192 /* Resources */,
			);
			buildRules = (
			);
			dependencies = (
				CFDF8E4D235C4F4300463192 /* PBXTargetDependency */,
			);
			name = TestUITests;
			productName = TestUITests;
			productReference = CFDF8E4B235C4F4300463192 /* TestUITests.xctest */;
			productType = "com.apple.product-type.bundle.ui-testing";
		};
/* End PBXNativeTarget section */

/* Begin PBXProject section */
		CFDF8E22235C4F4200463192 /* Project object */ = {
			isa = PBXProject;
			attributes = {
				LastSwiftUpdateCheck = 1110;
				LastUpgradeCheck = 1110;
				ORGANIZATIONNAME = Elijah;
				TargetAttributes = {
					CFDF8E29235C4F4200463192 = {
						CreatedOnToolsVersion = 11.1;
					};
					CFDF8E3F235C4F4300463192 = {
						CreatedOnToolsVersion = 11.1;
						TestTargetID = CFDF8E29235C4F4200463192;
					};
					CFDF8E4A235C4F4300463192 = {
						CreatedOnToolsVersion = 11.1;
						TestTargetID = CFDF8E29235C4F4200463192;
					};
				};
			};
			buildConfigurationList = CFDF8E25235C4F4200463192 /* Build configuration list for PBXProject "Test" */;
			compatibilityVersion = "Xcode 9.3";
			developmentRegion = en;
			hasScannedForEncodings = 0;
			knownRegions = (
				en,
				Base,
			);
			mainGroup = CFDF8E21235C4F4200463192;
			productRefGroup = CFDF8E2B235C4F4200463192 /* Products */;
			projectDirPath = "";
			projectRoot = "";
			targets = (
				CFDF8E29235C4F4200463192 /* Test */,
				CFDF8E3F235C4F4300463192 /* TestTests */,
				CFDF8E4A235C4F4300463192 /* TestUITests */,
			);
		};
/* End PBXProject section */

/* Begin PBXResourcesBuildPhase section */
		CFDF8E28235C4F4200463192 /* Resources */ = {
			isa = PBXResourcesBuildPhase;
			buildActionMask = 2147483647;
			files = (
				CFDF8E3A235C4F4300463192 /* LaunchScreen.storyboard in Resources */,
				CFDF8E37235C4F4300463192 /* Assets.xcassets in Resources */,
				CFDF8E35235C4F4200463192 /* Main.storyboard in Resources */,
			);
			runOnlyForDeploymentPostprocessing = 0;
		};
		CFDF8E3E235C4F4300463192 /* Resources */ = {
			isa = PBXResourcesBuildPhase;
			buildActionMask = 2147483647;
			files = (
			);
			runOnlyForDeploymentPostprocessing = 0;
		};
		CFDF8E49235C4F4300463192 /* Resources */ = {
			isa = PBXResourcesBuildPhase;
			buildActionMask = 2147483647;
			files = (
			);
			runOnlyForDeploymentPostprocessing = 0;
		};
/* End PBXResourcesBuildPhase section */

/* Begin PBXSourcesBuildPhase section */
		CFDF8E26235C4F4200463192 /* Sources */ = {
			isa = PBXSourcesBuildPhase;
			buildActionMask = 2147483647;
			files = (
				CFDF8E32235C4F4200463192 /* ViewController.swift in Sources */,
				CFDF8E2E235C4F4200463192 /* AppDelegate.swift in Sources */,
				CFDF8E30235C4F4200463192 /* SceneDelegate.swift in Sources */,
			);
			runOnlyForDeploymentPostprocessing = 0;
		};
		CFDF8E3C235C4F4300463192 /* Sources */ = {
			isa = PBXSourcesBuildPhase;
			buildActionMask = 2147483647;
			files = (
				CFDF8E45235C4F4300463192 /* TestTests.swift in Sources */,
			);
			runOnlyForDeploymentPostprocessing = 0;
		};
		CFDF8E47235C4F4300463192 /* Sources */ = {
			isa = PBXSourcesBuildPhase;
			buildActionMask = 2147483647;
			files = (
				CFDF8E50235C4F4300463192 /* TestUITests.swift in Sources */,
			);
			runOnlyForDeploymentPostprocessing = 0;
		};
/* End PBXSourcesBuildPhase section */

/* Begin PBXTargetDependency section */
		CFDF8E42235C4F4300463192 /* PBXTargetDependency */ = {
			isa = PBXTargetDependency;
			target = CFDF8E29235C4F4200463192 /* Test */;
			targetProxy = CFDF8E41235C4F4300463192 /* PBXContainerItemProxy */;
		};
		CFDF8E4D235C4F4300463192 /* PBXTargetDependency */ = {
			isa = PBXTargetDependency;
			target = CFDF8E29235C4F4200463192 /* Test */;
			targetProxy = CFDF8E4C235C4F4300463192 /* PBXContainerItemProxy */;
		};
/* End PBXTargetDependency section */

/* Begin PBXVariantGroup section */
		CFDF8E33235C4F4200463192 /* Main.storyboard */ = {
			isa = PBXVariantGroup;
			children = (
				CFDF8E34235C4F4200463192 /* Base */,
			);
			name = Main.storyboard;
			sourceTree = "<group>";
		};
		CFDF8E38235C4F4300463192 /* LaunchScreen.storyboard */ = {
			isa = PBXVariantGroup;
			children = (
				CFDF8E39235C4F4300463192 /* Base */,
			);
			name = LaunchScreen.storyboard;
			sourceTree = "<group>";
		};
/* End PBXVariantGroup section */

/* Begin XCBuildConfiguration section */
		CFDF8E52235C4F4300463192 /* Debug */ = {
			isa = XCBuildConfiguration;
			buildSettings = {
				ALWAYS_SEARCH_USER_PATHS = NO;
				CLANG_ANALYZER_NONNULL = YES;
				CLANG_ANALYZER_NUMBER_OBJECT_CONVERSION = YES_AGGRESSIVE;
				CLANG_CXX_LANGUAGE_STANDARD = "gnu++14";
				CLANG_CXX_LIBRARY = "libc++";
				CLANG_ENABLE_MODULES = YES;
				CLANG_ENABLE_OBJC_ARC = YES;
				CLANG_ENABLE_OBJC_WEAK = YES;
				CLANG_WARN_BLOCK_CAPTURE_AUTORELEASING = YES;
				CLANG_WARN_BOOL_CONVERSION = YES;
				CLANG_WARN_COMMA = YES;
				CLANG_WARN_CONSTANT_CONVERSION = YES;
				CLANG_WARN_DEPRECATED_OBJC_IMPLEMENTATIONS = YES;
				CLANG_WARN_DIRECT_OBJC_ISA_USAGE = YES_ERROR;
				CLANG_WARN_DOCUMENTATION_COMMENTS = YES;
				CLANG_WARN_EMPTY_BODY = YES;
				CLANG_WARN_ENUM_CONVERSION = YES;
				CLANG_WARN_INFINITE_RECURSION = YES;
				CLANG_WARN_INT_CONVERSION = YES;
				CLANG_WARN_NON_LITERAL_NULL_CONVERSION = YES;
				CLANG_WARN_OBJC_IMPLICIT_RETAIN_SELF = YES;
				CLANG_WARN_OBJC_LITERAL_CONVERSION = YES;
				CLANG_WARN_OBJC_ROOT_CLASS = YES_ERROR;
				CLANG_WARN_RANGE_LOOP_ANALYSIS = YES;
				CLANG_WARN_STRICT_PROTOTYPES = YES;
				CLANG_WARN_SUSPICIOUS_MOVE = YES;
				CLANG_WARN_UNGUARDED_AVAILABILITY = YES_AGGRESSIVE;
				CLANG_WARN_UNREACHABLE_CODE = YES;
				CLANG_WARN__DUPLICATE_METHOD_MATCH = YES;
				COPY_PHASE_STRIP = NO;
				DEBUG_INFORMATION_FORMAT = dwarf;
				ENABLE_STRICT_OBJC_MSGSEND = YES;
				ENABLE_TESTABILITY = YES;
				GCC_C_LANGUAGE_STANDARD = gnu11;
				GCC_DYNAMIC_NO_PIC = NO;
				GCC_NO_COMMON_BLOCKS = YES;
				GCC_OPTIMIZATION_LEVEL = 0;
				GCC_PREPROCESSOR_DEFINITIONS = (
					"DEBUG=1",
					"$(inherited)",
				);
				GCC_WARN_64_TO_32_BIT_CONVERSION = YES;
				GCC_WARN_ABOUT_RETURN_TYPE = YES_ERROR;
				GCC_WARN_UNDECLARED_SELECTOR = YES;
				GCC_WARN_UNINITIALIZED_AUTOS = YES_AGGRESSIVE;
				GCC_WARN_UNUSED_FUNCTION = YES;
				GCC_WARN_UNUSED_VARIABLE = YES;
				IPHONEOS_DEPLOYMENT_TARGET = 13.1;
				MTL_ENABLE_DEBUG_INFO = INCLUDE_SOURCE;
				MTL_FAST_MATH = YES;
				ONLY_ACTIVE_ARCH = YES;
				SDKROOT = iphoneos;
				SWIFT_ACTIVE_COMPILATION_CONDITIONS = DEBUG;
				SWIFT_OPTIMIZATION_LEVEL = "-Onone";
			};
			name = Debug;
		};
		CFDF8E53235C4F4300463192 /* Release */ = {
			isa = XCBuildConfiguration;
			buildSettings = {
				ALWAYS_SEARCH_USER_PATHS = NO;
				CLANG_ANALYZER_NONNULL = YES;
				CLANG_ANALYZER_NUMBER_OBJECT_CONVERSION = YES_AGGRESSIVE;
				CLANG_CXX_LANGUAGE_STANDARD = "gnu++14";
				CLANG_CXX_LIBRARY = "libc++";
				CLANG_ENABLE_MODULES = YES;
				CLANG_ENABLE_OBJC_ARC = YES;
				CLANG_ENABLE_OBJC_WEAK = YES;
				CLANG_WARN_BLOCK_CAPTURE_AUTORELEASING = YES;
				CLANG_WARN_BOOL_CONVERSION = YES;
				CLANG_WARN_COMMA = YES;
				CLANG_WARN_CONSTANT_CONVERSION = YES;
				CLANG_WARN_DEPRECATED_OBJC_IMPLEMENTATIONS = YES;
				CLANG_WARN_DIRECT_OBJC_ISA_USAGE = YES_ERROR;
				CLANG_WARN_DOCUMENTATION_COMMENTS = YES;
				CLANG_WARN_EMPTY_BODY = YES;
				CLANG_WARN_ENUM_CONVERSION = YES;
				CLANG_WARN_INFINITE_RECURSION = YES;
				CLANG_WARN_INT_CONVERSION = YES;
				CLANG_WARN_NON_LITERAL_NULL_CONVERSION = YES;
				CLANG_WARN_OBJC_IMPLICIT_RETAIN_SELF = YES;
				CLANG_WARN_OBJC_LITERAL_CONVERSION = YES;
				CLANG_WARN_OBJC_ROOT_CLASS = YES_ERROR;
				CLANG_WARN_RANGE_LOOP_ANALYSIS = YES;
				CLANG_WARN_STRICT_PROTOTYPES = YES;
				CLANG_WARN_SUSPICIOUS_MOVE = YES;
				CLANG_WARN_UNGUARDED_AVAILABILITY = YES_AGGRESSIVE;
				CLANG_WARN_UNREACHABLE_CODE = YES;
				CLANG_WARN__DUPLICATE_METHOD_MATCH = YES;
				COPY_PHASE_STRIP = NO;
				DEBUG_INFORMATION_FORMAT = "dwarf-with-dsym";
				ENABLE_NS_ASSERTIONS = NO;
				ENABLE_STRICT_OBJC_MSGSEND = YES;
				GCC_C_LANGUAGE_STANDARD = gnu11;
				GCC_NO_COMMON_BLOCKS = YES;
				GCC_WARN_64_TO_32_BIT_CONVERSION = YES;
				GCC_WARN_ABOUT_RETURN_TYPE = YES_ERROR;
				GCC_WARN_UNDECLARED_SELECTOR = YES;
				GCC_WARN_UNINITIALIZED_AUTOS = YES_AGGRESSIVE;
				GCC_WARN_UNUSED_FUNCTION = YES;
				GCC_WARN_UNUSED_VARIABLE = YES;
				IPHONEOS_DEPLOYMENT_TARGET = 13.1;
				MTL_ENABLE_DEBUG_INFO = NO;
				MTL_FAST_MATH = YES;
				SDKROOT = iphoneos;
				SWIFT_COMPILATION_MODE = wholemodule;
				SWIFT_OPTIMIZATION_LEVEL = "-O";
				VALIDATE_PRODUCT = YES;
			};
			name = Release;
		};
		CFDF8E55235C4F4300463192 /* Debug */ = {
			isa = XCBuildConfiguration;
			buildSettings = {
				ASSETCATALOG_COMPILER_APPICON_NAME = AppIcon;
				CODE_SIGN_STYLE = Automatic;
				DEVELOPMENT_TEAM = 444Z35JR9B;
				INFOPLIST_FILE = Test/Info.plist;
				LD_RUNPATH_SEARCH_PATHS = (
					"$(inherited)",
					"@executable_path/Frameworks",
				);
				PRODUCT_BUNDLE_IDENTIFIER = twtstudio.Test;
				PRODUCT_NAME = "$(TARGET_NAME)";
				SWIFT_VERSION = 5.0;
				TARGETED_DEVICE_FAMILY = "1,2";
			};
			name = Debug;
		};
		CFDF8E56235C4F4300463192 /* Release */ = {
			isa = XCBuildConfiguration;
			buildSettings = {
				ASSETCATALOG_COMPILER_APPICON_NAME = AppIcon;
				CODE_SIGN_STYLE = Automatic;
				DEVELOPMENT_TEAM = 444Z35JR9B;
				INFOPLIST_FILE = Test/Info.plist;
				LD_RUNPATH_SEARCH_PATHS = (
					"$(inherited)",
					"@executable_path/Frameworks",
				);
				PRODUCT_BUNDLE_IDENTIFIER = twtstudio.Test;
				PRODUCT_NAME = "$(TARGET_NAME)";
				SWIFT_VERSION = 5.0;
				TARGETED_DEVICE_FAMILY = "1,2";
			};
			name = Release;
		};
		CFDF8E58235C4F4300463192 /* Debug */ = {
			isa = XCBuildConfiguration;
			buildSettings = {
				ALWAYS_EMBED_SWIFT_STANDARD_LIBRARIES = YES;
				BUNDLE_LOADER = "$(TEST_HOST)";
				CODE_SIGN_STYLE = Automatic;
				DEVELOPMENT_TEAM = 444Z35JR9B;
				INFOPLIST_FILE = TestTests/Info.plist;
				IPHONEOS_DEPLOYMENT_TARGET = 13.1;
				LD_RUNPATH_SEARCH_PATHS = (
					"$(inherited)",
					"@executable_path/Frameworks",
					"@loader_path/Frameworks",
				);
				PRODUCT_BUNDLE_IDENTIFIER = twtstudio.TestTests;
				PRODUCT_NAME = "$(TARGET_NAME)";
				SWIFT_VERSION = 5.0;
				TARGETED_DEVICE_FAMILY = "1,2";
				TEST_HOST = "$(BUILT_PRODUCTS_DIR)/Test.app/Test";
			};
			name = Debug;
		};
		CFDF8E59235C4F4300463192 /* Release */ = {
			isa = XCBuildConfiguration;
			buildSettings = {
				ALWAYS_EMBED_SWIFT_STANDARD_LIBRARIES = YES;
				BUNDLE_LOADER = "$(TEST_HOST)";
				CODE_SIGN_STYLE = Automatic;
				DEVELOPMENT_TEAM = 444Z35JR9B;
				INFOPLIST_FILE = TestTests/Info.plist;
				IPHONEOS_DEPLOYMENT_TARGET = 13.1;
				LD_RUNPATH_SEARCH_PATHS = (
					"$(inherited)",
					"@executable_path/Frameworks",
					"@loader_path/Frameworks",
				);
				PRODUCT_BUNDLE_IDENTIFIER = twtstudio.TestTests;
				PRODUCT_NAME = "$(TARGET_NAME)";
				SWIFT_VERSION = 5.0;
				TARGETED_DEVICE_FAMILY = "1,2";
				TEST_HOST = "$(BUILT_PRODUCTS_DIR)/Test.app/Test";
			};
			name = Release;
		};
		CFDF8E5B235C4F4300463192 /* Debug */ = {
			isa = XCBuildConfiguration;
			buildSettings = {
				ALWAYS_EMBED_SWIFT_STANDARD_LIBRARIES = YES;
				CODE_SIGN_STYLE = Automatic;
				DEVELOPMENT_TEAM = 444Z35JR9B;
				INFOPLIST_FILE = TestUITests/Info.plist;
				LD_RUNPATH_SEARCH_PATHS = (
					"$(inherited)",
					"@executable_path/Frameworks",
					"@loader_path/Frameworks",
				);
				PRODUCT_BUNDLE_IDENTIFIER = twtstudio.TestUITests;
				PRODUCT_NAME = "$(TARGET_NAME)";
				SWIFT_VERSION = 5.0;
				TARGETED_DEVICE_FAMILY = "1,2";
				TEST_TARGET_NAME = Test;
			};
			name = Debug;
		};
		CFDF8E5C235C4F4300463192 /* Release */ = {
			isa = XCBuildConfiguration;
			buildSettings = {
				ALWAYS_EMBED_SWIFT_STANDARD_LIBRARIES = YES;
				CODE_SIGN_STYLE = Automatic;
				DEVELOPMENT_TEAM = 444Z35JR9B;
				INFOPLIST_FILE = TestUITests/Info.plist;
				LD_RUNPATH_SEARCH_PATHS = (
					"$(inherited)",
					"@executable_path/Frameworks",
					"@loader_path/Frameworks",
				);
				PRODUCT_BUNDLE_IDENTIFIER = twtstudio.TestUITests;
				PRODUCT_NAME = "$(TARGET_NAME)";
				SWIFT_VERSION = 5.0;
				TARGETED_DEVICE_FAMILY = "1,2";
				TEST_TARGET_NAME = Test;
			};
			name = Release;
		};
/* End XCBuildConfiguration section */

/* Begin XCConfigurationList section */
		CFDF8E25235C4F4200463192 /* Build configuration list for PBXProject "Test" */ = {
			isa = XCConfigurationList;
			buildConfigurations = (
				CFDF8E52235C4F4300463192 /* Debug */,
				CFDF8E53235C4F4300463192 /* Release */,
			);
			defaultConfigurationIsVisible = 0;
			defaultConfigurationName = Release;
		};
		CFDF8E54235C4F4300463192 /* Build configuration list for PBXNativeTarget "Test" */ = {
			isa = XCConfigurationList;
			buildConfigurations = (
				CFDF8E55235C4F4300463192 /* Debug */,
				CFDF8E56235C4F4300463192 /* Release */,
			);
			defaultConfigurationIsVisible = 0;
			defaultConfigurationName = Release;
		};
		CFDF8E57235C4F4300463192 /* Build configuration list for PBXNativeTarget "TestTests" */ = {
			isa = XCConfigurationList;
			buildConfigurations = (
				CFDF8E58235C4F4300463192 /* Debug */,
				CFDF8E59235C4F4300463192 /* Release */,
			);
			defaultConfigurationIsVisible = 0;
			defaultConfigurationName = Release;
		};
		CFDF8E5A235C4F4300463192 /* Build configuration list for PBXNativeTarget "TestUITests" */ = {
			isa = XCConfigurationList;
			buildConfigurations = (
				CFDF8E5B235C4F4300463192 /* Debug */,
				CFDF8E5C235C4F4300463192 /* Release */,
			);
			defaultConfigurationIsVisible = 0;
			defaultConfigurationName = Release;
		};
/* End XCConfigurationList section */
	};
	rootObject = CFDF8E22235C4F4200463192 /* Project object */;
}
